// !$*UTF8*$!
{
	archiveVersion = 1;
	classes = {
	};
	objectVersion = 56;
	objects = {

/* Begin PBXBuildFile section */
		FA0B4F1D2BAC444E00BC6CE1 /* AppDelegate.swift in Sources */ = {isa = PBXBuildFile; fileRef = FA0B4F1C2BAC444E00BC6CE1 /* AppDelegate.swift */; };
		FA0B4F1F2BAC444E00BC6CE1 /* SceneDelegate.swift in Sources */ = {isa = PBXBuildFile; fileRef = FA0B4F1E2BAC444E00BC6CE1 /* SceneDelegate.swift */; };
		FA0B4F212BAC444E00BC6CE1 /* InfectionViewController.swift in Sources */ = {isa = PBXBuildFile; fileRef = FA0B4F202BAC444E00BC6CE1 /* InfectionViewController.swift */; };
		FA0B4F262BAC445000BC6CE1 /* Assets.xcassets in Resources */ = {isa = PBXBuildFile; fileRef = FA0B4F252BAC445000BC6CE1 /* Assets.xcassets */; };
		FA0B4F292BAC445000BC6CE1 /* LaunchScreen.storyboard in Resources */ = {isa = PBXBuildFile; fileRef = FA0B4F272BAC445000BC6CE1 /* LaunchScreen.storyboard */; };
		FA0B4F502BAEF2EF00BC6CE1 /* PersonCell.swift in Sources */ = {isa = PBXBuildFile; fileRef = FA0B4F4F2BAEF2EF00BC6CE1 /* PersonCell.swift */; };
		FAF2BBEC2BB1F99300F80859 /* PopulationManager.swift in Sources */ = {isa = PBXBuildFile; fileRef = FAF2BBEB2BB1F99300F80859 /* PopulationManager.swift */; };
		FAF2BBF32BB3F29B00F80859 /* CustomTextField.swift in Sources */ = {isa = PBXBuildFile; fileRef = FAF2BBF22BB3F29B00F80859 /* CustomTextField.swift */; };
		FAF2BBFF2BB3FF8600F80859 /* ViewControllerExtension.swift in Sources */ = {isa = PBXBuildFile; fileRef = FAF2BBFE2BB3FF8600F80859 /* ViewControllerExtension.swift */; };
		FAF2BC072BB457CF00F80859 /* ParametersTVC.swift in Sources */ = {isa = PBXBuildFile; fileRef = FAF2BC062BB457CF00F80859 /* ParametersTVC.swift */; };
		FAF2BC092BB4845B00F80859 /* InfectionCollectionView.swift in Sources */ = {isa = PBXBuildFile; fileRef = FAF2BC082BB4845B00F80859 /* InfectionCollectionView.swift */; };
		FAF2BC0B2BB4996C00F80859 /* ResultLabel.swift in Sources */ = {isa = PBXBuildFile; fileRef = FAF2BC0A2BB4996C00F80859 /* ResultLabel.swift */; };
		FAF2BC0E2BB49DC300F80859 /* PlusScaleButton.swift in Sources */ = {isa = PBXBuildFile; fileRef = FAF2BC0D2BB49DC300F80859 /* PlusScaleButton.swift */; };
		FAF2BC102BB4A10E00F80859 /* MinusScaleButton.swift in Sources */ = {isa = PBXBuildFile; fileRef = FAF2BC0F2BB4A10E00F80859 /* MinusScaleButton.swift */; };
		FAF2BC122BB4A77100F80859 /* ColumnsCellsEngine.swift in Sources */ = {isa = PBXBuildFile; fileRef = FAF2BC112BB4A77100F80859 /* ColumnsCellsEngine.swift */; };
		FAF2BC142BB4A7CA00F80859 /* Person.swift in Sources */ = {isa = PBXBuildFile; fileRef = FAF2BC132BB4A7CA00F80859 /* Person.swift */; };
/* End PBXBuildFile section */

/* Begin PBXFileReference section */
		FA0B4F192BAC444E00BC6CE1 /* infection.app */ = {isa = PBXFileReference; explicitFileType = wrapper.application; includeInIndex = 0; path = infection.app; sourceTree = BUILT_PRODUCTS_DIR; };
		FA0B4F1C2BAC444E00BC6CE1 /* AppDelegate.swift */ = {isa = PBXFileReference; lastKnownFileType = sourcecode.swift; path = AppDelegate.swift; sourceTree = "<group>"; };
		FA0B4F1E2BAC444E00BC6CE1 /* SceneDelegate.swift */ = {isa = PBXFileReference; lastKnownFileType = sourcecode.swift; path = SceneDelegate.swift; sourceTree = "<group>"; };
		FA0B4F202BAC444E00BC6CE1 /* InfectionViewController.swift */ = {isa = PBXFileReference; lastKnownFileType = sourcecode.swift; path = InfectionViewController.swift; sourceTree = "<group>"; };
		FA0B4F252BAC445000BC6CE1 /* Assets.xcassets */ = {isa = PBXFileReference; lastKnownFileType = folder.assetcatalog; path = Assets.xcassets; sourceTree = "<group>"; };
		FA0B4F282BAC445000BC6CE1 /* Base */ = {isa = PBXFileReference; lastKnownFileType = file.storyboard; name = Base; path = Base.lproj/LaunchScreen.storyboard; sourceTree = "<group>"; };
		FA0B4F2A2BAC445000BC6CE1 /* Info.plist */ = {isa = PBXFileReference; lastKnownFileType = text.plist.xml; path = Info.plist; sourceTree = "<group>"; };
		FA0B4F4F2BAEF2EF00BC6CE1 /* PersonCell.swift */ = {isa = PBXFileReference; lastKnownFileType = sourcecode.swift; path = PersonCell.swift; sourceTree = "<group>"; };
		FAF2BBEB2BB1F99300F80859 /* PopulationManager.swift */ = {isa = PBXFileReference; lastKnownFileType = sourcecode.swift; path = PopulationManager.swift; sourceTree = "<group>"; };
		FAF2BBF22BB3F29B00F80859 /* CustomTextField.swift */ = {isa = PBXFileReference; lastKnownFileType = sourcecode.swift; path = CustomTextField.swift; sourceTree = "<group>"; };
		FAF2BBFE2BB3FF8600F80859 /* ViewControllerExtension.swift */ = {isa = PBXFileReference; lastKnownFileType = sourcecode.swift; path = ViewControllerExtension.swift; sourceTree = "<group>"; };
		FAF2BC062BB457CF00F80859 /* ParametersTVC.swift */ = {isa = PBXFileReference; lastKnownFileType = sourcecode.swift; path = ParametersTVC.swift; sourceTree = "<group>"; };
		FAF2BC082BB4845B00F80859 /* InfectionCollectionView.swift */ = {isa = PBXFileReference; lastKnownFileType = sourcecode.swift; path = InfectionCollectionView.swift; sourceTree = "<group>"; };
		FAF2BC0A2BB4996C00F80859 /* ResultLabel.swift */ = {isa = PBXFileReference; lastKnownFileType = sourcecode.swift; path = ResultLabel.swift; sourceTree = "<group>"; };
		FAF2BC0D2BB49DC300F80859 /* PlusScaleButton.swift */ = {isa = PBXFileReference; lastKnownFileType = sourcecode.swift; path = PlusScaleButton.swift; sourceTree = "<group>"; };
		FAF2BC0F2BB4A10E00F80859 /* MinusScaleButton.swift */ = {isa = PBXFileReference; lastKnownFileType = sourcecode.swift; path = MinusScaleButton.swift; sourceTree = "<group>"; };
		FAF2BC112BB4A77100F80859 /* ColumnsCellsEngine.swift */ = {isa = PBXFileReference; lastKnownFileType = sourcecode.swift; path = ColumnsCellsEngine.swift; sourceTree = "<group>"; };
		FAF2BC132BB4A7CA00F80859 /* Person.swift */ = {isa = PBXFileReference; lastKnownFileType = sourcecode.swift; path = Person.swift; sourceTree = "<group>"; };
/* End PBXFileReference section */

/* Begin PBXFrameworksBuildPhase section */
		FA0B4F162BAC444E00BC6CE1 /* Frameworks */ = {
			isa = PBXFrameworksBuildPhase;
			buildActionMask = 2147483647;
			files = (
			);
			runOnlyForDeploymentPostprocessing = 0;
		};
/* End PBXFrameworksBuildPhase section */

/* Begin PBXGroup section */
		FA0B4F102BAC444E00BC6CE1 = {
			isa = PBXGroup;
			children = (
				FA0B4F1B2BAC444E00BC6CE1 /* infection */,
				FA0B4F1A2BAC444E00BC6CE1 /* Products */,
			);
			sourceTree = "<group>";
		};
		FA0B4F1A2BAC444E00BC6CE1 /* Products */ = {
			isa = PBXGroup;
			children = (
				FA0B4F192BAC444E00BC6CE1 /* infection.app */,
			);
			name = Products;
			sourceTree = "<group>";
		};
		FA0B4F1B2BAC444E00BC6CE1 /* infection */ = {
			isa = PBXGroup;
			children = (
				FA0B4F302BAC478200BC6CE1 /* Resources */,
				FAF2BBFD2BB3FF6200F80859 /* Extensions */,
				FAF2BBF82BB3F7FC00F80859 /* Screens */,
				FAF2BBF52BB3F76A00F80859 /* View */,
				FAF2BBF42BB3F75C00F80859 /* Model */,
				FA0B4F2A2BAC445000BC6CE1 /* Info.plist */,
			);
			path = infection;
			sourceTree = "<group>";
		};
		FA0B4F302BAC478200BC6CE1 /* Resources */ = {
			isa = PBXGroup;
			children = (
				FA0B4F1C2BAC444E00BC6CE1 /* AppDelegate.swift */,
				FA0B4F1E2BAC444E00BC6CE1 /* SceneDelegate.swift */,
				FA0B4F252BAC445000BC6CE1 /* Assets.xcassets */,
				FA0B4F272BAC445000BC6CE1 /* LaunchScreen.storyboard */,
			);
			path = Resources;
			sourceTree = "<group>";
		};
		FAF2BBF12BB3F28200F80859 /* CustomViews */ = {
			isa = PBXGroup;
			children = (
				FAF2BC0A2BB4996C00F80859 /* ResultLabel.swift */,
				FAF2BBF22BB3F29B00F80859 /* CustomTextField.swift */,
				FAF2BC0D2BB49DC300F80859 /* PlusScaleButton.swift */,
				FAF2BC0F2BB4A10E00F80859 /* MinusScaleButton.swift */,
			);
			path = CustomViews;
			sourceTree = "<group>";
		};
		FAF2BBF42BB3F75C00F80859 /* Model */ = {
			isa = PBXGroup;
			children = (
				FAF2BBEB2BB1F99300F80859 /* PopulationManager.swift */,
				FAF2BC112BB4A77100F80859 /* ColumnsCellsEngine.swift */,
				FAF2BC132BB4A7CA00F80859 /* Person.swift */,
			);
			path = Model;
			sourceTree = "<group>";
		};
		FAF2BBF52BB3F76A00F80859 /* View */ = {
			isa = PBXGroup;
			children = (
				FAF2BBF12BB3F28200F80859 /* CustomViews */,
			);
			path = View;
			sourceTree = "<group>";
		};
		FAF2BBF62BB3F78900F80859 /* InfectionViewController */ = {
			isa = PBXGroup;
			children = (
				FA0B4F202BAC444E00BC6CE1 /* InfectionViewController.swift */,
				FAF2BC0C2BB49D9F00F80859 /* InfectionCollectionView */,
			);
			path = InfectionViewController;
			sourceTree = "<group>";
		};
		FAF2BBF72BB3F7EE00F80859 /* ParametersVC */ = {
			isa = PBXGroup;
			children = (
				FAF2BC062BB457CF00F80859 /* ParametersTVC.swift */,
			);
			path = ParametersVC;
			sourceTree = "<group>";
		};
		FAF2BBF82BB3F7FC00F80859 /* Screens */ = {
			isa = PBXGroup;
			children = (
				FAF2BBF72BB3F7EE00F80859 /* ParametersVC */,
				FAF2BBF62BB3F78900F80859 /* InfectionViewController */,
			);
			path = Screens;
			sourceTree = "<group>";
		};
		FAF2BBFD2BB3FF6200F80859 /* Extensions */ = {
			isa = PBXGroup;
			children = (
				FAF2BBFE2BB3FF8600F80859 /* ViewControllerExtension.swift */,
			);
			path = Extensions;
			sourceTree = "<group>";
		};
		FAF2BC0C2BB49D9F00F80859 /* InfectionCollectionView */ = {
			isa = PBXGroup;
			children = (
				FA0B4F4F2BAEF2EF00BC6CE1 /* PersonCell.swift */,
				FAF2BC082BB4845B00F80859 /* InfectionCollectionView.swift */,
			);
			path = InfectionCollectionView;
			sourceTree = "<group>";
		};
/* End PBXGroup section */

/* Begin PBXNativeTarget section */
		FA0B4F182BAC444E00BC6CE1 /* infection */ = {
			isa = PBXNativeTarget;
			buildConfigurationList = FA0B4F2D2BAC445000BC6CE1 /* Build configuration list for PBXNativeTarget "infection" */;
			buildPhases = (
				FA0B4F152BAC444E00BC6CE1 /* Sources */,
				FA0B4F162BAC444E00BC6CE1 /* Frameworks */,
				FA0B4F172BAC444E00BC6CE1 /* Resources */,
			);
			buildRules = (
			);
			dependencies = (
			);
			name = infection;
			productName = infection;
			productReference = FA0B4F192BAC444E00BC6CE1 /* infection.app */;
			productType = "com.apple.product-type.application";
		};
/* End PBXNativeTarget section */

/* Begin PBXProject section */
		FA0B4F112BAC444E00BC6CE1 /* Project object */ = {
			isa = PBXProject;
			attributes = {
				BuildIndependentTargetsInParallel = 1;
				LastSwiftUpdateCheck = 1520;
				LastUpgradeCheck = 1520;
				TargetAttributes = {
					FA0B4F182BAC444E00BC6CE1 = {
						CreatedOnToolsVersion = 15.2;
					};
				};
			};
			buildConfigurationList = FA0B4F142BAC444E00BC6CE1 /* Build configuration list for PBXProject "infection" */;
			compatibilityVersion = "Xcode 14.0";
			developmentRegion = en;
			hasScannedForEncodings = 0;
			knownRegions = (
				en,
				Base,
			);
			mainGroup = FA0B4F102BAC444E00BC6CE1;
			productRefGroup = FA0B4F1A2BAC444E00BC6CE1 /* Products */;
			projectDirPath = "";
			projectRoot = "";
			targets = (
				FA0B4F182BAC444E00BC6CE1 /* infection */,
			);
		};
/* End PBXProject section */

/* Begin PBXResourcesBuildPhase section */
		FA0B4F172BAC444E00BC6CE1 /* Resources */ = {
			isa = PBXResourcesBuildPhase;
			buildActionMask = 2147483647;
			files = (
				FA0B4F292BAC445000BC6CE1 /* LaunchScreen.storyboard in Resources */,
				FA0B4F262BAC445000BC6CE1 /* Assets.xcassets in Resources */,
			);
			runOnlyForDeploymentPostprocessing = 0;
		};
/* End PBXResourcesBuildPhase section */

/* Begin PBXSourcesBuildPhase section */
		FA0B4F152BAC444E00BC6CE1 /* Sources */ = {
			isa = PBXSourcesBuildPhase;
			buildActionMask = 2147483647;
			files = (
				FAF2BBFF2BB3FF8600F80859 /* ViewControllerExtension.swift in Sources */,
				FA0B4F502BAEF2EF00BC6CE1 /* PersonCell.swift in Sources */,
				FAF2BC0E2BB49DC300F80859 /* PlusScaleButton.swift in Sources */,
				FAF2BC0B2BB4996C00F80859 /* ResultLabel.swift in Sources */,
				FA0B4F212BAC444E00BC6CE1 /* InfectionViewController.swift in Sources */,
				FAF2BBF32BB3F29B00F80859 /* CustomTextField.swift in Sources */,
				FAF2BC102BB4A10E00F80859 /* MinusScaleButton.swift in Sources */,
				FAF2BC122BB4A77100F80859 /* ColumnsCellsEngine.swift in Sources */,
				FA0B4F1D2BAC444E00BC6CE1 /* AppDelegate.swift in Sources */,
				FA0B4F1F2BAC444E00BC6CE1 /* SceneDelegate.swift in Sources */,
				FAF2BC092BB4845B00F80859 /* InfectionCollectionView.swift in Sources */,
				FAF2BC072BB457CF00F80859 /* ParametersTVC.swift in Sources */,
				FAF2BBEC2BB1F99300F80859 /* PopulationManager.swift in Sources */,
				FAF2BC142BB4A7CA00F80859 /* Person.swift in Sources */,
			);
			runOnlyForDeploymentPostprocessing = 0;
		};
/* End PBXSourcesBuildPhase section */

/* Begin PBXVariantGroup section */
		FA0B4F272BAC445000BC6CE1 /* LaunchScreen.storyboard */ = {
			isa = PBXVariantGroup;
			children = (
				FA0B4F282BAC445000BC6CE1 /* Base */,
			);
			name = LaunchScreen.storyboard;
			sourceTree = "<group>";
		};
/* End PBXVariantGroup section */

/* Begin XCBuildConfiguration section */
		FA0B4F2B2BAC445000BC6CE1 /* Debug */ = {
			isa = XCBuildConfiguration;
			buildSettings = {
				ALWAYS_SEARCH_USER_PATHS = NO;
				ASSETCATALOG_COMPILER_GENERATE_SWIFT_ASSET_SYMBOL_EXTENSIONS = YES;
				CLANG_ANALYZER_NONNULL = YES;
				CLANG_ANALYZER_NUMBER_OBJECT_CONVERSION = YES_AGGRESSIVE;
				CLANG_CXX_LANGUAGE_STANDARD = "gnu++20";
				CLANG_ENABLE_MODULES = YES;
				CLANG_ENABLE_OBJC_ARC = YES;
				CLANG_ENABLE_OBJC_WEAK = YES;
				CLANG_WARN_BLOCK_CAPTURE_AUTORELEASING = YES;
				CLANG_WARN_BOOL_CONVERSION = YES;
				CLANG_WARN_COMMA = YES;
				CLANG_WARN_CONSTANT_CONVERSION = YES;
				CLANG_WARN_DEPRECATED_OBJC_IMPLEMENTATIONS = YES;
				CLANG_WARN_DIRECT_OBJC_ISA_USAGE = YES_ERROR;
				CLANG_WARN_DOCUMENTATION_COMMENTS = YES;
				CLANG_WARN_EMPTY_BODY = YES;
				CLANG_WARN_ENUM_CONVERSION = YES;
				CLANG_WARN_INFINITE_RECURSION = YES;
				CLANG_WARN_INT_CONVERSION = YES;
				CLANG_WARN_NON_LITERAL_NULL_CONVERSION = YES;
				CLANG_WARN_OBJC_IMPLICIT_RETAIN_SELF = YES;
				CLANG_WARN_OBJC_LITERAL_CONVERSION = YES;
				CLANG_WARN_OBJC_ROOT_CLASS = YES_ERROR;
				CLANG_WARN_QUOTED_INCLUDE_IN_FRAMEWORK_HEADER = YES;
				CLANG_WARN_RANGE_LOOP_ANALYSIS = YES;
				CLANG_WARN_STRICT_PROTOTYPES = YES;
				CLANG_WARN_SUSPICIOUS_MOVE = YES;
				CLANG_WARN_UNGUARDED_AVAILABILITY = YES_AGGRESSIVE;
				CLANG_WARN_UNREACHABLE_CODE = YES;
				CLANG_WARN__DUPLICATE_METHOD_MATCH = YES;
				COPY_PHASE_STRIP = NO;
				DEBUG_INFORMATION_FORMAT = dwarf;
				ENABLE_STRICT_OBJC_MSGSEND = YES;
				ENABLE_TESTABILITY = YES;
				ENABLE_USER_SCRIPT_SANDBOXING = YES;
				GCC_C_LANGUAGE_STANDARD = gnu17;
				GCC_DYNAMIC_NO_PIC = NO;
				GCC_NO_COMMON_BLOCKS = YES;
				GCC_OPTIMIZATION_LEVEL = 0;
				GCC_PREPROCESSOR_DEFINITIONS = (
					"DEBUG=1",
					"$(inherited)",
				);
				GCC_WARN_64_TO_32_BIT_CONVERSION = YES;
				GCC_WARN_ABOUT_RETURN_TYPE = YES_ERROR;
				GCC_WARN_UNDECLARED_SELECTOR = YES;
				GCC_WARN_UNINITIALIZED_AUTOS = YES_AGGRESSIVE;
				GCC_WARN_UNUSED_FUNCTION = YES;
				GCC_WARN_UNUSED_VARIABLE = YES;
				IPHONEOS_DEPLOYMENT_TARGET = 17.2;
				LOCALIZATION_PREFERS_STRING_CATALOGS = YES;
				MTL_ENABLE_DEBUG_INFO = INCLUDE_SOURCE;
				MTL_FAST_MATH = YES;
				ONLY_ACTIVE_ARCH = YES;
				SDKROOT = iphoneos;
				SWIFT_ACTIVE_COMPILATION_CONDITIONS = "DEBUG $(inherited)";
				SWIFT_OPTIMIZATION_LEVEL = "-Onone";
			};
			name = Debug;
		};
		FA0B4F2C2BAC445000BC6CE1 /* Release */ = {
			isa = XCBuildConfiguration;
			buildSettings = {
				ALWAYS_SEARCH_USER_PATHS = NO;
				ASSETCATALOG_COMPILER_GENERATE_SWIFT_ASSET_SYMBOL_EXTENSIONS = YES;
				CLANG_ANALYZER_NONNULL = YES;
				CLANG_ANALYZER_NUMBER_OBJECT_CONVERSION = YES_AGGRESSIVE;
				CLANG_CXX_LANGUAGE_STANDARD = "gnu++20";
				CLANG_ENABLE_MODULES = YES;
				CLANG_ENABLE_OBJC_ARC = YES;
				CLANG_ENABLE_OBJC_WEAK = YES;
				CLANG_WARN_BLOCK_CAPTURE_AUTORELEASING = YES;
				CLANG_WARN_BOOL_CONVERSION = YES;
				CLANG_WARN_COMMA = YES;
				CLANG_WARN_CONSTANT_CONVERSION = YES;
				CLANG_WARN_DEPRECATED_OBJC_IMPLEMENTATIONS = YES;
				CLANG_WARN_DIRECT_OBJC_ISA_USAGE = YES_ERROR;
				CLANG_WARN_DOCUMENTATION_COMMENTS = YES;
				CLANG_WARN_EMPTY_BODY = YES;
				CLANG_WARN_ENUM_CONVERSION = YES;
				CLANG_WARN_INFINITE_RECURSION = YES;
				CLANG_WARN_INT_CONVERSION = YES;
				CLANG_WARN_NON_LITERAL_NULL_CONVERSION = YES;
				CLANG_WARN_OBJC_IMPLICIT_RETAIN_SELF = YES;
				CLANG_WARN_OBJC_LITERAL_CONVERSION = YES;
				CLANG_WARN_OBJC_ROOT_CLASS = YES_ERROR;
				CLANG_WARN_QUOTED_INCLUDE_IN_FRAMEWORK_HEADER = YES;
				CLANG_WARN_RANGE_LOOP_ANALYSIS = YES;
				CLANG_WARN_STRICT_PROTOTYPES = YES;
				CLANG_WARN_SUSPICIOUS_MOVE = YES;
				CLANG_WARN_UNGUARDED_AVAILABILITY = YES_AGGRESSIVE;
				CLANG_WARN_UNREACHABLE_CODE = YES;
				CLANG_WARN__DUPLICATE_METHOD_MATCH = YES;
				COPY_PHASE_STRIP = NO;
				DEBUG_INFORMATION_FORMAT = "dwarf-with-dsym";
				ENABLE_NS_ASSERTIONS = NO;
				ENABLE_STRICT_OBJC_MSGSEND = YES;
				ENABLE_USER_SCRIPT_SANDBOXING = YES;
				GCC_C_LANGUAGE_STANDARD = gnu17;
				GCC_NO_COMMON_BLOCKS = YES;
				GCC_WARN_64_TO_32_BIT_CONVERSION = YES;
				GCC_WARN_ABOUT_RETURN_TYPE = YES_ERROR;
				GCC_WARN_UNDECLARED_SELECTOR = YES;
				GCC_WARN_UNINITIALIZED_AUTOS = YES_AGGRESSIVE;
				GCC_WARN_UNUSED_FUNCTION = YES;
				GCC_WARN_UNUSED_VARIABLE = YES;
				IPHONEOS_DEPLOYMENT_TARGET = 17.2;
				LOCALIZATION_PREFERS_STRING_CATALOGS = YES;
				MTL_ENABLE_DEBUG_INFO = NO;
				MTL_FAST_MATH = YES;
				SDKROOT = iphoneos;
				SWIFT_COMPILATION_MODE = wholemodule;
				VALIDATE_PRODUCT = YES;
			};
			name = Release;
		};
		FA0B4F2E2BAC445000BC6CE1 /* Debug */ = {
			isa = XCBuildConfiguration;
			buildSettings = {
				ASSETCATALOG_COMPILER_APPICON_NAME = AppIcon;
				ASSETCATALOG_COMPILER_GLOBAL_ACCENT_COLOR_NAME = AccentColor;
				CODE_SIGN_STYLE = Automatic;
				CURRENT_PROJECT_VERSION = 1;
				DEVELOPMENT_TEAM = AFAAV4M63Z;
				GENERATE_INFOPLIST_FILE = YES;
				INFOPLIST_FILE = infection/Info.plist;
				INFOPLIST_KEY_UIApplicationSupportsIndirectInputEvents = YES;
				INFOPLIST_KEY_UILaunchStoryboardName = LaunchScreen;
				INFOPLIST_KEY_UISupportedInterfaceOrientations = UIInterfaceOrientationPortrait;
				INFOPLIST_KEY_UISupportedInterfaceOrientations_iPad = "UIInterfaceOrientationLandscapeLeft UIInterfaceOrientationLandscapeRight UIInterfaceOrientationPortrait UIInterfaceOrientationPortraitUpsideDown";
				IPHONEOS_DEPLOYMENT_TARGET = 15.3;
				LD_RUNPATH_SEARCH_PATHS = (
					"$(inherited)",
					"@executable_path/Frameworks",
				);
				MARKETING_VERSION = 1.0;
				PRODUCT_BUNDLE_IDENTIFIER = namerei.infection;
				PRODUCT_NAME = "$(TARGET_NAME)";
				SWIFT_EMIT_LOC_STRINGS = YES;
				SWIFT_VERSION = 5.0;
				TARGETED_DEVICE_FAMILY = "1,2";
			};
			name = Debug;
		};
		FA0B4F2F2BAC445000BC6CE1 /* Release */ = {
			isa = XCBuildConfiguration;
			buildSettings = {
				ASSETCATALOG_COMPILER_APPICON_NAME = AppIcon;
				ASSETCATALOG_COMPILER_GLOBAL_ACCENT_COLOR_NAME = AccentColor;
				CODE_SIGN_STYLE = Automatic;
				CURRENT_PROJECT_VERSION = 1;
				DEVELOPMENT_TEAM = AFAAV4M63Z;
				GENERATE_INFOPLIST_FILE = YES;
				INFOPLIST_FILE = infection/Info.plist;
				INFOPLIST_KEY_UIApplicationSupportsIndirectInputEvents = YES;
				INFOPLIST_KEY_UILaunchStoryboardName = LaunchScreen;
				INFOPLIST_KEY_UISupportedInterfaceOrientations = UIInterfaceOrientationPortrait;
				INFOPLIST_KEY_UISupportedInterfaceOrientations_iPad = "UIInterfaceOrientationLandscapeLeft UIInterfaceOrientationLandscapeRight UIInterfaceOrientationPortrait UIInterfaceOrientationPortraitUpsideDown";
				IPHONEOS_DEPLOYMENT_TARGET = 15.3;
				LD_RUNPATH_SEARCH_PATHS = (
					"$(inherited)",
					"@executable_path/Frameworks",
				);
				MARKETING_VERSION = 1.0;
				PRODUCT_BUNDLE_IDENTIFIER = namerei.infection;
				PRODUCT_NAME = "$(TARGET_NAME)";
				SWIFT_EMIT_LOC_STRINGS = YES;
				SWIFT_VERSION = 5.0;
				TARGETED_DEVICE_FAMILY = "1,2";
			};
			name = Release;
		};
/* End XCBuildConfiguration section */

/* Begin XCConfigurationList section */
		FA0B4F142BAC444E00BC6CE1 /* Build configuration list for PBXProject "infection" */ = {
			isa = XCConfigurationList;
			buildConfigurations = (
				FA0B4F2B2BAC445000BC6CE1 /* Debug */,
				FA0B4F2C2BAC445000BC6CE1 /* Release */,
			);
			defaultConfigurationIsVisible = 0;
			defaultConfigurationName = Release;
		};
		FA0B4F2D2BAC445000BC6CE1 /* Build configuration list for PBXNativeTarget "infection" */ = {
			isa = XCConfigurationList;
			buildConfigurations = (
				FA0B4F2E2BAC445000BC6CE1 /* Debug */,
				FA0B4F2F2BAC445000BC6CE1 /* Release */,
			);
			defaultConfigurationIsVisible = 0;
			defaultConfigurationName = Release;
		};
/* End XCConfigurationList section */
	};
	rootObject = FA0B4F112BAC444E00BC6CE1 /* Project object */;
}
